// !$*UTF8*$!
{
	archiveVersion = 1;
	classes = {
	};
	objectVersion = 48;
	objects = {

/* Begin PBXBuildFile section */
		252BEC48DA533424AA937EDF /* Pods_BFIDemoPlayerTests.framework in Frameworks */ = {isa = PBXBuildFile; fileRef = 9CFF67E7DD75AA830BE753B1 /* Pods_BFIDemoPlayerTests.framework */; };
		5F3A80B91C69455752068B87 /* Pods_BFIDemoPlayerUITests.framework in Frameworks */ = {isa = PBXBuildFile; fileRef = FC591F4B8E6D42ACC405EB1A /* Pods_BFIDemoPlayerUITests.framework */; };
		602E9084201A00FA00780C60 /* HomeCollectionViewController.swift in Sources */ = {isa = PBXBuildFile; fileRef = 602E9083201A00FA00780C60 /* HomeCollectionViewController.swift */; };
		602E9086201A011800780C60 /* EpisodeDetailViewController.swift in Sources */ = {isa = PBXBuildFile; fileRef = 602E9085201A011800780C60 /* EpisodeDetailViewController.swift */; };
		602E9088201A015600780C60 /* ServiceManagerProtocol.swift in Sources */ = {isa = PBXBuildFile; fileRef = 602E9087201A015600780C60 /* ServiceManagerProtocol.swift */; };
		602E908A201A016300780C60 /* ServiceManager.swift in Sources */ = {isa = PBXBuildFile; fileRef = 602E9089201A016300780C60 /* ServiceManager.swift */; };
		6046984E202003D800B9BB10 /* NetworkError.swift in Sources */ = {isa = PBXBuildFile; fileRef = 6046984D202003D800B9BB10 /* NetworkError.swift */; };
		605E7292201934430042FDEA /* AppDelegate.swift in Sources */ = {isa = PBXBuildFile; fileRef = 605E7291201934430042FDEA /* AppDelegate.swift */; };
		605E7297201934430042FDEA /* Main.storyboard in Resources */ = {isa = PBXBuildFile; fileRef = 605E7295201934430042FDEA /* Main.storyboard */; };
		605E7299201934430042FDEA /* Assets.xcassets in Resources */ = {isa = PBXBuildFile; fileRef = 605E7298201934430042FDEA /* Assets.xcassets */; };
		605E729C201934430042FDEA /* LaunchScreen.storyboard in Resources */ = {isa = PBXBuildFile; fileRef = 605E729A201934430042FDEA /* LaunchScreen.storyboard */; };
		605E72A7201934430042FDEA /* BFIDemoPlayerTests.swift in Sources */ = {isa = PBXBuildFile; fileRef = 605E72A6201934430042FDEA /* BFIDemoPlayerTests.swift */; };
		605E72B2201934430042FDEA /* BFIDemoPlayerUITests.swift in Sources */ = {isa = PBXBuildFile; fileRef = 605E72B1201934430042FDEA /* BFIDemoPlayerUITests.swift */; };
		6079B736201F8571002F42BD /* EntityProtocol.swift in Sources */ = {isa = PBXBuildFile; fileRef = 6079B735201F8571002F42BD /* EntityProtocol.swift */; };
		6079B738201FAE9F002F42BD /* DatabaseManagerProtocol.swift in Sources */ = {isa = PBXBuildFile; fileRef = 6079B737201FAE9F002F42BD /* DatabaseManagerProtocol.swift */; };
		6079B73A201FAEB1002F42BD /* SessionManager.swift in Sources */ = {isa = PBXBuildFile; fileRef = 6079B739201FAEB1002F42BD /* SessionManager.swift */; };
		60EAB889202006090073F9FF /* UICollectionViewController+Extension.swift in Sources */ = {isa = PBXBuildFile; fileRef = 60EAB888202006090073F9FF /* UICollectionViewController+Extension.swift */; };
		60F90C2D201F2B02004FD2FB /* Constants.swift in Sources */ = {isa = PBXBuildFile; fileRef = 60F90C2C201F2B02004FD2FB /* Constants.swift */; };
		60F90C2F201F6915004FD2FB /* DataParserProtocol.swift in Sources */ = {isa = PBXBuildFile; fileRef = 60F90C2E201F6915004FD2FB /* DataParserProtocol.swift */; };
		60F90C31201F6948004FD2FB /* JsonParserProtocol.swift in Sources */ = {isa = PBXBuildFile; fileRef = 60F90C30201F6948004FD2FB /* JsonParserProtocol.swift */; };
		60F90C33201F69A0004FD2FB /* JsonParser.swift in Sources */ = {isa = PBXBuildFile; fileRef = 60F90C32201F69A0004FD2FB /* JsonParser.swift */; };
		60F90C35201F6A16004FD2FB /* EpisodeCollectionViewController.swift in Sources */ = {isa = PBXBuildFile; fileRef = 60F90C34201F6A16004FD2FB /* EpisodeCollectionViewController.swift */; };
		60F90C38201F6B41004FD2FB /* DigitalSet.swift in Sources */ = {isa = PBXBuildFile; fileRef = 60F90C37201F6B41004FD2FB /* DigitalSet.swift */; };
		60F90C3A201F6B69004FD2FB /* Episode.swift in Sources */ = {isa = PBXBuildFile; fileRef = 60F90C39201F6B69004FD2FB /* Episode.swift */; };
		E0F21F83C5873ABC57BE012C /* Pods_BFIDemoPlayer.framework in Frameworks */ = {isa = PBXBuildFile; fileRef = 9B234F76C8F4C64234C1FCC2 /* Pods_BFIDemoPlayer.framework */; };
/* End PBXBuildFile section */

/* Begin PBXContainerItemProxy section */
		605E72A3201934430042FDEA /* PBXContainerItemProxy */ = {
			isa = PBXContainerItemProxy;
			containerPortal = 605E7286201934430042FDEA /* Project object */;
			proxyType = 1;
			remoteGlobalIDString = 605E728D201934430042FDEA;
			remoteInfo = BFIDemoPlayer;
		};
		605E72AE201934430042FDEA /* PBXContainerItemProxy */ = {
			isa = PBXContainerItemProxy;
			containerPortal = 605E7286201934430042FDEA /* Project object */;
			proxyType = 1;
			remoteGlobalIDString = 605E728D201934430042FDEA;
			remoteInfo = BFIDemoPlayer;
		};
/* End PBXContainerItemProxy section */

/* Begin PBXFileReference section */
		42956F7C00DE0B846CA2F34B /* Pods-BFIDemoPlayerUITests.release.xcconfig */ = {isa = PBXFileReference; includeInIndex = 1; lastKnownFileType = text.xcconfig; name = "Pods-BFIDemoPlayerUITests.release.xcconfig"; path = "Pods/Target Support Files/Pods-BFIDemoPlayerUITests/Pods-BFIDemoPlayerUITests.release.xcconfig"; sourceTree = "<group>"; };
		458D06E023876DCB2DB895FC /* Pods-BFIDemoPlayer.release.xcconfig */ = {isa = PBXFileReference; includeInIndex = 1; lastKnownFileType = text.xcconfig; name = "Pods-BFIDemoPlayer.release.xcconfig"; path = "Pods/Target Support Files/Pods-BFIDemoPlayer/Pods-BFIDemoPlayer.release.xcconfig"; sourceTree = "<group>"; };
		5D7C7CBE92BC30A6D27AC3B5 /* Pods-BFIDemoPlayerTests.debug.xcconfig */ = {isa = PBXFileReference; includeInIndex = 1; lastKnownFileType = text.xcconfig; name = "Pods-BFIDemoPlayerTests.debug.xcconfig"; path = "Pods/Target Support Files/Pods-BFIDemoPlayerTests/Pods-BFIDemoPlayerTests.debug.xcconfig"; sourceTree = "<group>"; };
		602E9083201A00FA00780C60 /* HomeCollectionViewController.swift */ = {isa = PBXFileReference; lastKnownFileType = sourcecode.swift; path = HomeCollectionViewController.swift; sourceTree = "<group>"; };
		602E9085201A011800780C60 /* EpisodeDetailViewController.swift */ = {isa = PBXFileReference; lastKnownFileType = sourcecode.swift; path = EpisodeDetailViewController.swift; sourceTree = "<group>"; };
		602E9087201A015600780C60 /* ServiceManagerProtocol.swift */ = {isa = PBXFileReference; lastKnownFileType = sourcecode.swift; path = ServiceManagerProtocol.swift; sourceTree = "<group>"; };
		602E9089201A016300780C60 /* ServiceManager.swift */ = {isa = PBXFileReference; lastKnownFileType = sourcecode.swift; path = ServiceManager.swift; sourceTree = "<group>"; };
		6046984D202003D800B9BB10 /* NetworkError.swift */ = {isa = PBXFileReference; lastKnownFileType = sourcecode.swift; path = NetworkError.swift; sourceTree = "<group>"; };
		605E728E201934430042FDEA /* BFIDemoPlayer.app */ = {isa = PBXFileReference; explicitFileType = wrapper.application; includeInIndex = 0; path = BFIDemoPlayer.app; sourceTree = BUILT_PRODUCTS_DIR; };
		605E7291201934430042FDEA /* AppDelegate.swift */ = {isa = PBXFileReference; lastKnownFileType = sourcecode.swift; path = AppDelegate.swift; sourceTree = "<group>"; };
		605E7296201934430042FDEA /* Base */ = {isa = PBXFileReference; lastKnownFileType = file.storyboard; name = Base; path = Base.lproj/Main.storyboard; sourceTree = "<group>"; };
		605E7298201934430042FDEA /* Assets.xcassets */ = {isa = PBXFileReference; lastKnownFileType = folder.assetcatalog; path = Assets.xcassets; sourceTree = "<group>"; };
		605E729B201934430042FDEA /* Base */ = {isa = PBXFileReference; lastKnownFileType = file.storyboard; name = Base; path = Base.lproj/LaunchScreen.storyboard; sourceTree = "<group>"; };
		605E729D201934430042FDEA /* Info.plist */ = {isa = PBXFileReference; lastKnownFileType = text.plist.xml; path = Info.plist; sourceTree = "<group>"; };
		605E72A2201934430042FDEA /* BFIDemoPlayerTests.xctest */ = {isa = PBXFileReference; explicitFileType = wrapper.cfbundle; includeInIndex = 0; path = BFIDemoPlayerTests.xctest; sourceTree = BUILT_PRODUCTS_DIR; };
		605E72A6201934430042FDEA /* BFIDemoPlayerTests.swift */ = {isa = PBXFileReference; lastKnownFileType = sourcecode.swift; path = BFIDemoPlayerTests.swift; sourceTree = "<group>"; };
		605E72A8201934430042FDEA /* Info.plist */ = {isa = PBXFileReference; lastKnownFileType = text.plist.xml; path = Info.plist; sourceTree = "<group>"; };
		605E72AD201934430042FDEA /* BFIDemoPlayerUITests.xctest */ = {isa = PBXFileReference; explicitFileType = wrapper.cfbundle; includeInIndex = 0; path = BFIDemoPlayerUITests.xctest; sourceTree = BUILT_PRODUCTS_DIR; };
		605E72B1201934430042FDEA /* BFIDemoPlayerUITests.swift */ = {isa = PBXFileReference; lastKnownFileType = sourcecode.swift; path = BFIDemoPlayerUITests.swift; sourceTree = "<group>"; };
		605E72B3201934430042FDEA /* Info.plist */ = {isa = PBXFileReference; lastKnownFileType = text.plist.xml; path = Info.plist; sourceTree = "<group>"; };
		6079B735201F8571002F42BD /* EntityProtocol.swift */ = {isa = PBXFileReference; lastKnownFileType = sourcecode.swift; path = EntityProtocol.swift; sourceTree = "<group>"; };
		6079B737201FAE9F002F42BD /* DatabaseManagerProtocol.swift */ = {isa = PBXFileReference; lastKnownFileType = sourcecode.swift; path = DatabaseManagerProtocol.swift; sourceTree = "<group>"; };
		6079B739201FAEB1002F42BD /* SessionManager.swift */ = {isa = PBXFileReference; lastKnownFileType = sourcecode.swift; path = SessionManager.swift; sourceTree = "<group>"; };
		60EAB888202006090073F9FF /* UICollectionViewController+Extension.swift */ = {isa = PBXFileReference; lastKnownFileType = sourcecode.swift; path = "UICollectionViewController+Extension.swift"; sourceTree = "<group>"; };
		60F90C2C201F2B02004FD2FB /* Constants.swift */ = {isa = PBXFileReference; lastKnownFileType = sourcecode.swift; path = Constants.swift; sourceTree = "<group>"; };
		60F90C2E201F6915004FD2FB /* DataParserProtocol.swift */ = {isa = PBXFileReference; lastKnownFileType = sourcecode.swift; path = DataParserProtocol.swift; sourceTree = "<group>"; };
		60F90C30201F6948004FD2FB /* JsonParserProtocol.swift */ = {isa = PBXFileReference; lastKnownFileType = sourcecode.swift; path = JsonParserProtocol.swift; sourceTree = "<group>"; };
		60F90C32201F69A0004FD2FB /* JsonParser.swift */ = {isa = PBXFileReference; lastKnownFileType = sourcecode.swift; path = JsonParser.swift; sourceTree = "<group>"; };
		60F90C34201F6A16004FD2FB /* EpisodeCollectionViewController.swift */ = {isa = PBXFileReference; lastKnownFileType = sourcecode.swift; path = EpisodeCollectionViewController.swift; sourceTree = "<group>"; };
		60F90C37201F6B41004FD2FB /* DigitalSet.swift */ = {isa = PBXFileReference; lastKnownFileType = sourcecode.swift; path = DigitalSet.swift; sourceTree = "<group>"; };
		60F90C39201F6B69004FD2FB /* Episode.swift */ = {isa = PBXFileReference; lastKnownFileType = sourcecode.swift; path = Episode.swift; sourceTree = "<group>"; };
		887D420A13B65B21E461C39C /* Pods-BFIDemoPlayerTests.release.xcconfig */ = {isa = PBXFileReference; includeInIndex = 1; lastKnownFileType = text.xcconfig; name = "Pods-BFIDemoPlayerTests.release.xcconfig"; path = "Pods/Target Support Files/Pods-BFIDemoPlayerTests/Pods-BFIDemoPlayerTests.release.xcconfig"; sourceTree = "<group>"; };
		9B234F76C8F4C64234C1FCC2 /* Pods_BFIDemoPlayer.framework */ = {isa = PBXFileReference; explicitFileType = wrapper.framework; includeInIndex = 0; path = Pods_BFIDemoPlayer.framework; sourceTree = BUILT_PRODUCTS_DIR; };
		9CFF67E7DD75AA830BE753B1 /* Pods_BFIDemoPlayerTests.framework */ = {isa = PBXFileReference; explicitFileType = wrapper.framework; includeInIndex = 0; path = Pods_BFIDemoPlayerTests.framework; sourceTree = BUILT_PRODUCTS_DIR; };
		CB9E2EBF7054BC1D73B2F19B /* Pods-BFIDemoPlayer.debug.xcconfig */ = {isa = PBXFileReference; includeInIndex = 1; lastKnownFileType = text.xcconfig; name = "Pods-BFIDemoPlayer.debug.xcconfig"; path = "Pods/Target Support Files/Pods-BFIDemoPlayer/Pods-BFIDemoPlayer.debug.xcconfig"; sourceTree = "<group>"; };
		F8B7F8BB5009C83D3D2662A8 /* Pods-BFIDemoPlayerUITests.debug.xcconfig */ = {isa = PBXFileReference; includeInIndex = 1; lastKnownFileType = text.xcconfig; name = "Pods-BFIDemoPlayerUITests.debug.xcconfig"; path = "Pods/Target Support Files/Pods-BFIDemoPlayerUITests/Pods-BFIDemoPlayerUITests.debug.xcconfig"; sourceTree = "<group>"; };
		FC591F4B8E6D42ACC405EB1A /* Pods_BFIDemoPlayerUITests.framework */ = {isa = PBXFileReference; explicitFileType = wrapper.framework; includeInIndex = 0; path = Pods_BFIDemoPlayerUITests.framework; sourceTree = BUILT_PRODUCTS_DIR; };
/* End PBXFileReference section */

/* Begin PBXFrameworksBuildPhase section */
		605E728B201934430042FDEA /* Frameworks */ = {
			isa = PBXFrameworksBuildPhase;
			buildActionMask = 2147483647;
			files = (
				E0F21F83C5873ABC57BE012C /* Pods_BFIDemoPlayer.framework in Frameworks */,
			);
			runOnlyForDeploymentPostprocessing = 0;
		};
		605E729F201934430042FDEA /* Frameworks */ = {
			isa = PBXFrameworksBuildPhase;
			buildActionMask = 2147483647;
			files = (
				252BEC48DA533424AA937EDF /* Pods_BFIDemoPlayerTests.framework in Frameworks */,
			);
			runOnlyForDeploymentPostprocessing = 0;
		};
		605E72AA201934430042FDEA /* Frameworks */ = {
			isa = PBXFrameworksBuildPhase;
			buildActionMask = 2147483647;
			files = (
				5F3A80B91C69455752068B87 /* Pods_BFIDemoPlayerUITests.framework in Frameworks */,
			);
			runOnlyForDeploymentPostprocessing = 0;
		};
/* End PBXFrameworksBuildPhase section */

/* Begin PBXGroup section */
		602E9081201A002400780C60 /* Controllers */ = {
			isa = PBXGroup;
			children = (
				602E9083201A00FA00780C60 /* HomeCollectionViewController.swift */,
				602E9085201A011800780C60 /* EpisodeDetailViewController.swift */,
				60F90C34201F6A16004FD2FB /* EpisodeCollectionViewController.swift */,
			);
			path = Controllers;
			sourceTree = "<group>";
		};
		602E9082201A002F00780C60 /* Helpers */ = {
			isa = PBXGroup;
			children = (
				602E9087201A015600780C60 /* ServiceManagerProtocol.swift */,
				602E9089201A016300780C60 /* ServiceManager.swift */,
				60F90C2E201F6915004FD2FB /* DataParserProtocol.swift */,
				60F90C30201F6948004FD2FB /* JsonParserProtocol.swift */,
				60F90C32201F69A0004FD2FB /* JsonParser.swift */,
			);
			path = Helpers;
			sourceTree = "<group>";
		};
		605E7285201934430042FDEA = {
			isa = PBXGroup;
			children = (
				605E7290201934430042FDEA /* BFIDemoPlayer */,
				605E72A5201934430042FDEA /* BFIDemoPlayerTests */,
				605E72B0201934430042FDEA /* BFIDemoPlayerUITests */,
				605E728F201934430042FDEA /* Products */,
				E29F28B9EE7768D629BED034 /* Pods */,
				E223BFC78684926B20CE78E2 /* Frameworks */,
			);
			sourceTree = "<group>";
		};
		605E728F201934430042FDEA /* Products */ = {
			isa = PBXGroup;
			children = (
				605E728E201934430042FDEA /* BFIDemoPlayer.app */,
				605E72A2201934430042FDEA /* BFIDemoPlayerTests.xctest */,
				605E72AD201934430042FDEA /* BFIDemoPlayerUITests.xctest */,
			);
			name = Products;
			sourceTree = "<group>";
		};
		605E7290201934430042FDEA /* BFIDemoPlayer */ = {
			isa = PBXGroup;
			children = (
				60EAB887202004E30073F9FF /* Extensions */,
				60F90C36201F6AFF004FD2FB /* Model */,
				602E9082201A002F00780C60 /* Helpers */,
				602E9081201A002400780C60 /* Controllers */,
				605E7291201934430042FDEA /* AppDelegate.swift */,
				605E7295201934430042FDEA /* Main.storyboard */,
				605E7298201934430042FDEA /* Assets.xcassets */,
				605E729A201934430042FDEA /* LaunchScreen.storyboard */,
				605E729D201934430042FDEA /* Info.plist */,
				60F90C2C201F2B02004FD2FB /* Constants.swift */,
				6046984D202003D800B9BB10 /* NetworkError.swift */,
			);
			path = BFIDemoPlayer;
			sourceTree = "<group>";
		};
		605E72A5201934430042FDEA /* BFIDemoPlayerTests */ = {
			isa = PBXGroup;
			children = (
				605E72A6201934430042FDEA /* BFIDemoPlayerTests.swift */,
				605E72A8201934430042FDEA /* Info.plist */,
			);
			path = BFIDemoPlayerTests;
			sourceTree = "<group>";
		};
		605E72B0201934430042FDEA /* BFIDemoPlayerUITests */ = {
			isa = PBXGroup;
			children = (
				605E72B1201934430042FDEA /* BFIDemoPlayerUITests.swift */,
				605E72B3201934430042FDEA /* Info.plist */,
			);
			path = BFIDemoPlayerUITests;
			sourceTree = "<group>";
		};
		60EAB887202004E30073F9FF /* Extensions */ = {
			isa = PBXGroup;
			children = (
				60EAB888202006090073F9FF /* UICollectionViewController+Extension.swift */,
			);
			path = Extensions;
			sourceTree = "<group>";
		};
		60F90C36201F6AFF004FD2FB /* Model */ = {
			isa = PBXGroup;
			children = (
				60F90C37201F6B41004FD2FB /* DigitalSet.swift */,
				60F90C39201F6B69004FD2FB /* Episode.swift */,
				6079B735201F8571002F42BD /* EntityProtocol.swift */,
				6079B737201FAE9F002F42BD /* DatabaseManagerProtocol.swift */,
				6079B739201FAEB1002F42BD /* SessionManager.swift */,
			);
			path = Model;
			sourceTree = "<group>";
		};
		E223BFC78684926B20CE78E2 /* Frameworks */ = {
			isa = PBXGroup;
			children = (
				9B234F76C8F4C64234C1FCC2 /* Pods_BFIDemoPlayer.framework */,
				9CFF67E7DD75AA830BE753B1 /* Pods_BFIDemoPlayerTests.framework */,
				FC591F4B8E6D42ACC405EB1A /* Pods_BFIDemoPlayerUITests.framework */,
			);
			name = Frameworks;
			sourceTree = "<group>";
		};
		E29F28B9EE7768D629BED034 /* Pods */ = {
			isa = PBXGroup;
			children = (
				CB9E2EBF7054BC1D73B2F19B /* Pods-BFIDemoPlayer.debug.xcconfig */,
				458D06E023876DCB2DB895FC /* Pods-BFIDemoPlayer.release.xcconfig */,
				5D7C7CBE92BC30A6D27AC3B5 /* Pods-BFIDemoPlayerTests.debug.xcconfig */,
				887D420A13B65B21E461C39C /* Pods-BFIDemoPlayerTests.release.xcconfig */,
				F8B7F8BB5009C83D3D2662A8 /* Pods-BFIDemoPlayerUITests.debug.xcconfig */,
				42956F7C00DE0B846CA2F34B /* Pods-BFIDemoPlayerUITests.release.xcconfig */,
			);
			name = Pods;
			sourceTree = "<group>";
		};
/* End PBXGroup section */

/* Begin PBXNativeTarget section */
		605E728D201934430042FDEA /* BFIDemoPlayer */ = {
			isa = PBXNativeTarget;
			buildConfigurationList = 605E72B6201934430042FDEA /* Build configuration list for PBXNativeTarget "BFIDemoPlayer" */;
			buildPhases = (
				527347623744FC3DD6DA7A4D /* [CP] Check Pods Manifest.lock */,
				605E728A201934430042FDEA /* Sources */,
				605E728B201934430042FDEA /* Frameworks */,
				605E728C201934430042FDEA /* Resources */,
				4288E35CDD7FA52AD6D2B7C5 /* [CP] Embed Pods Frameworks */,
				0C6E4B2B684CBE455A4B6D67 /* [CP] Copy Pods Resources */,
			);
			buildRules = (
			);
			dependencies = (
			);
			name = BFIDemoPlayer;
			productName = BFIDemoPlayer;
			productReference = 605E728E201934430042FDEA /* BFIDemoPlayer.app */;
			productType = "com.apple.product-type.application";
		};
		605E72A1201934430042FDEA /* BFIDemoPlayerTests */ = {
			isa = PBXNativeTarget;
			buildConfigurationList = 605E72B9201934430042FDEA /* Build configuration list for PBXNativeTarget "BFIDemoPlayerTests" */;
			buildPhases = (
				27F573EA9C8192A1FAF3CB4D /* [CP] Check Pods Manifest.lock */,
				605E729E201934430042FDEA /* Sources */,
				605E729F201934430042FDEA /* Frameworks */,
				605E72A0201934430042FDEA /* Resources */,
				AA9FF2159A5AEC5DF12ED1AF /* [CP] Embed Pods Frameworks */,
				6AF400B2E897297EA0C98D31 /* [CP] Copy Pods Resources */,
			);
			buildRules = (
			);
			dependencies = (
				605E72A4201934430042FDEA /* PBXTargetDependency */,
			);
			name = BFIDemoPlayerTests;
			productName = BFIDemoPlayerTests;
			productReference = 605E72A2201934430042FDEA /* BFIDemoPlayerTests.xctest */;
			productType = "com.apple.product-type.bundle.unit-test";
		};
		605E72AC201934430042FDEA /* BFIDemoPlayerUITests */ = {
			isa = PBXNativeTarget;
			buildConfigurationList = 605E72BC201934430042FDEA /* Build configuration list for PBXNativeTarget "BFIDemoPlayerUITests" */;
			buildPhases = (
				C01BF3BEAD8C876A0461420B /* [CP] Check Pods Manifest.lock */,
				605E72A9201934430042FDEA /* Sources */,
				605E72AA201934430042FDEA /* Frameworks */,
				605E72AB201934430042FDEA /* Resources */,
				C07FA0A0D074C7EC44D6326A /* [CP] Embed Pods Frameworks */,
				DE084E8A910AC6FD03A2822F /* [CP] Copy Pods Resources */,
			);
			buildRules = (
			);
			dependencies = (
				605E72AF201934430042FDEA /* PBXTargetDependency */,
			);
			name = BFIDemoPlayerUITests;
			productName = BFIDemoPlayerUITests;
			productReference = 605E72AD201934430042FDEA /* BFIDemoPlayerUITests.xctest */;
			productType = "com.apple.product-type.bundle.ui-testing";
		};
/* End PBXNativeTarget section */

/* Begin PBXProject section */
		605E7286201934430042FDEA /* Project object */ = {
			isa = PBXProject;
			attributes = {
				LastSwiftUpdateCheck = 0920;
				LastUpgradeCheck = 0920;
				ORGANIZATIONNAME = "Fong Bao";
				TargetAttributes = {
					605E728D201934430042FDEA = {
						CreatedOnToolsVersion = 9.2;
						ProvisioningStyle = Automatic;
					};
					605E72A1201934430042FDEA = {
						CreatedOnToolsVersion = 9.2;
						ProvisioningStyle = Automatic;
						TestTargetID = 605E728D201934430042FDEA;
					};
					605E72AC201934430042FDEA = {
						CreatedOnToolsVersion = 9.2;
						ProvisioningStyle = Automatic;
						TestTargetID = 605E728D201934430042FDEA;
					};
				};
			};
			buildConfigurationList = 605E7289201934430042FDEA /* Build configuration list for PBXProject "BFIDemoPlayer" */;
			compatibilityVersion = "Xcode 8.0";
			developmentRegion = en;
			hasScannedForEncodings = 0;
			knownRegions = (
				en,
				Base,
			);
			mainGroup = 605E7285201934430042FDEA;
			productRefGroup = 605E728F201934430042FDEA /* Products */;
			projectDirPath = "";
			projectRoot = "";
			targets = (
				605E728D201934430042FDEA /* BFIDemoPlayer */,
				605E72A1201934430042FDEA /* BFIDemoPlayerTests */,
				605E72AC201934430042FDEA /* BFIDemoPlayerUITests */,
			);
		};
/* End PBXProject section */

/* Begin PBXResourcesBuildPhase section */
		605E728C201934430042FDEA /* Resources */ = {
			isa = PBXResourcesBuildPhase;
			buildActionMask = 2147483647;
			files = (
				605E729C201934430042FDEA /* LaunchScreen.storyboard in Resources */,
				605E7299201934430042FDEA /* Assets.xcassets in Resources */,
				605E7297201934430042FDEA /* Main.storyboard in Resources */,
			);
			runOnlyForDeploymentPostprocessing = 0;
		};
		605E72A0201934430042FDEA /* Resources */ = {
			isa = PBXResourcesBuildPhase;
			buildActionMask = 2147483647;
			files = (
			);
			runOnlyForDeploymentPostprocessing = 0;
		};
		605E72AB201934430042FDEA /* Resources */ = {
			isa = PBXResourcesBuildPhase;
			buildActionMask = 2147483647;
			files = (
			);
			runOnlyForDeploymentPostprocessing = 0;
		};
/* End PBXResourcesBuildPhase section */

/* Begin PBXShellScriptBuildPhase section */
		0C6E4B2B684CBE455A4B6D67 /* [CP] Copy Pods Resources */ = {
			isa = PBXShellScriptBuildPhase;
			buildActionMask = 2147483647;
			files = (
			);
			inputPaths = (
			);
			name = "[CP] Copy Pods Resources";
			outputPaths = (
			);
			runOnlyForDeploymentPostprocessing = 0;
			shellPath = /bin/sh;
			shellScript = "\"${SRCROOT}/Pods/Target Support Files/Pods-BFIDemoPlayer/Pods-BFIDemoPlayer-resources.sh\"\n";
			showEnvVarsInLog = 0;
		};
		27F573EA9C8192A1FAF3CB4D /* [CP] Check Pods Manifest.lock */ = {
			isa = PBXShellScriptBuildPhase;
			buildActionMask = 2147483647;
			files = (
			);
			inputPaths = (
				"${PODS_PODFILE_DIR_PATH}/Podfile.lock",
				"${PODS_ROOT}/Manifest.lock",
			);
			name = "[CP] Check Pods Manifest.lock";
			outputPaths = (
				"$(DERIVED_FILE_DIR)/Pods-BFIDemoPlayerTests-checkManifestLockResult.txt",
			);
			runOnlyForDeploymentPostprocessing = 0;
			shellPath = /bin/sh;
			shellScript = "diff \"${PODS_PODFILE_DIR_PATH}/Podfile.lock\" \"${PODS_ROOT}/Manifest.lock\" > /dev/null\nif [ $? != 0 ] ; then\n    # print error to STDERR\n    echo \"error: The sandbox is not in sync with the Podfile.lock. Run 'pod install' or update your CocoaPods installation.\" >&2\n    exit 1\nfi\n# This output is used by Xcode 'outputs' to avoid re-running this script phase.\necho \"SUCCESS\" > \"${SCRIPT_OUTPUT_FILE_0}\"\n";
			showEnvVarsInLog = 0;
		};
		4288E35CDD7FA52AD6D2B7C5 /* [CP] Embed Pods Frameworks */ = {
			isa = PBXShellScriptBuildPhase;
			buildActionMask = 2147483647;
			files = (
			);
			inputPaths = (
				"${SRCROOT}/Pods/Target Support Files/Pods-BFIDemoPlayer/Pods-BFIDemoPlayer-frameworks.sh",
				"${BUILT_PRODUCTS_DIR}/Alamofire/Alamofire.framework",
				"${BUILT_PRODUCTS_DIR}/Realm/Realm.framework",
				"${BUILT_PRODUCTS_DIR}/RealmSwift/RealmSwift.framework",
				"${BUILT_PRODUCTS_DIR}/RxSwift/RxSwift.framework",
			);
			name = "[CP] Embed Pods Frameworks";
			outputPaths = (
				"${TARGET_BUILD_DIR}/${FRAMEWORKS_FOLDER_PATH}/Alamofire.framework",
				"${TARGET_BUILD_DIR}/${FRAMEWORKS_FOLDER_PATH}/Realm.framework",
				"${TARGET_BUILD_DIR}/${FRAMEWORKS_FOLDER_PATH}/RealmSwift.framework",
				"${TARGET_BUILD_DIR}/${FRAMEWORKS_FOLDER_PATH}/RxSwift.framework",
			);
			runOnlyForDeploymentPostprocessing = 0;
			shellPath = /bin/sh;
			shellScript = "\"${SRCROOT}/Pods/Target Support Files/Pods-BFIDemoPlayer/Pods-BFIDemoPlayer-frameworks.sh\"\n";
			showEnvVarsInLog = 0;
		};
		527347623744FC3DD6DA7A4D /* [CP] Check Pods Manifest.lock */ = {
			isa = PBXShellScriptBuildPhase;
			buildActionMask = 2147483647;
			files = (
			);
			inputPaths = (
				"${PODS_PODFILE_DIR_PATH}/Podfile.lock",
				"${PODS_ROOT}/Manifest.lock",
			);
			name = "[CP] Check Pods Manifest.lock";
			outputPaths = (
				"$(DERIVED_FILE_DIR)/Pods-BFIDemoPlayer-checkManifestLockResult.txt",
			);
			runOnlyForDeploymentPostprocessing = 0;
			shellPath = /bin/sh;
			shellScript = "diff \"${PODS_PODFILE_DIR_PATH}/Podfile.lock\" \"${PODS_ROOT}/Manifest.lock\" > /dev/null\nif [ $? != 0 ] ; then\n    # print error to STDERR\n    echo \"error: The sandbox is not in sync with the Podfile.lock. Run 'pod install' or update your CocoaPods installation.\" >&2\n    exit 1\nfi\n# This output is used by Xcode 'outputs' to avoid re-running this script phase.\necho \"SUCCESS\" > \"${SCRIPT_OUTPUT_FILE_0}\"\n";
			showEnvVarsInLog = 0;
		};
		6AF400B2E897297EA0C98D31 /* [CP] Copy Pods Resources */ = {
			isa = PBXShellScriptBuildPhase;
			buildActionMask = 2147483647;
			files = (
			);
			inputPaths = (
			);
			name = "[CP] Copy Pods Resources";
			outputPaths = (
			);
			runOnlyForDeploymentPostprocessing = 0;
			shellPath = /bin/sh;
			shellScript = "\"${SRCROOT}/Pods/Target Support Files/Pods-BFIDemoPlayerTests/Pods-BFIDemoPlayerTests-resources.sh\"\n";
			showEnvVarsInLog = 0;
		};
		AA9FF2159A5AEC5DF12ED1AF /* [CP] Embed Pods Frameworks */ = {
			isa = PBXShellScriptBuildPhase;
			buildActionMask = 2147483647;
			files = (
			);
			inputPaths = (
				"${SRCROOT}/Pods/Target Support Files/Pods-BFIDemoPlayerTests/Pods-BFIDemoPlayerTests-frameworks.sh",
				"${BUILT_PRODUCTS_DIR}/KIF/KIF.framework",
			);
			name = "[CP] Embed Pods Frameworks";
			outputPaths = (
				"${TARGET_BUILD_DIR}/${FRAMEWORKS_FOLDER_PATH}/KIF.framework",
			);
			runOnlyForDeploymentPostprocessing = 0;
			shellPath = /bin/sh;
			shellScript = "\"${SRCROOT}/Pods/Target Support Files/Pods-BFIDemoPlayerTests/Pods-BFIDemoPlayerTests-frameworks.sh\"\n";
			showEnvVarsInLog = 0;
		};
		C01BF3BEAD8C876A0461420B /* [CP] Check Pods Manifest.lock */ = {
			isa = PBXShellScriptBuildPhase;
			buildActionMask = 2147483647;
			files = (
			);
			inputPaths = (
				"${PODS_PODFILE_DIR_PATH}/Podfile.lock",
				"${PODS_ROOT}/Manifest.lock",
			);
			name = "[CP] Check Pods Manifest.lock";
			outputPaths = (
				"$(DERIVED_FILE_DIR)/Pods-BFIDemoPlayerUITests-checkManifestLockResult.txt",
			);
			runOnlyForDeploymentPostprocessing = 0;
			shellPath = /bin/sh;
			shellScript = "diff \"${PODS_PODFILE_DIR_PATH}/Podfile.lock\" \"${PODS_ROOT}/Manifest.lock\" > /dev/null\nif [ $? != 0 ] ; then\n    # print error to STDERR\n    echo \"error: The sandbox is not in sync with the Podfile.lock. Run 'pod install' or update your CocoaPods installation.\" >&2\n    exit 1\nfi\n# This output is used by Xcode 'outputs' to avoid re-running this script phase.\necho \"SUCCESS\" > \"${SCRIPT_OUTPUT_FILE_0}\"\n";
			showEnvVarsInLog = 0;
		};
		C07FA0A0D074C7EC44D6326A /* [CP] Embed Pods Frameworks */ = {
			isa = PBXShellScriptBuildPhase;
			buildActionMask = 2147483647;
			files = (
			);
			inputPaths = (
				"${SRCROOT}/Pods/Target Support Files/Pods-BFIDemoPlayerUITests/Pods-BFIDemoPlayerUITests-frameworks.sh",
				"${BUILT_PRODUCTS_DIR}/Alamofire/Alamofire.framework",
				"${BUILT_PRODUCTS_DIR}/Realm/Realm.framework",
				"${BUILT_PRODUCTS_DIR}/RealmSwift/RealmSwift.framework",
				"${BUILT_PRODUCTS_DIR}/RxSwift/RxSwift.framework",
			);
			name = "[CP] Embed Pods Frameworks";
			outputPaths = (
				"${TARGET_BUILD_DIR}/${FRAMEWORKS_FOLDER_PATH}/Alamofire.framework",
				"${TARGET_BUILD_DIR}/${FRAMEWORKS_FOLDER_PATH}/Realm.framework",
				"${TARGET_BUILD_DIR}/${FRAMEWORKS_FOLDER_PATH}/RealmSwift.framework",
				"${TARGET_BUILD_DIR}/${FRAMEWORKS_FOLDER_PATH}/RxSwift.framework",
			);
			runOnlyForDeploymentPostprocessing = 0;
			shellPath = /bin/sh;
			shellScript = "\"${SRCROOT}/Pods/Target Support Files/Pods-BFIDemoPlayerUITests/Pods-BFIDemoPlayerUITests-frameworks.sh\"\n";
			showEnvVarsInLog = 0;
		};
		DE084E8A910AC6FD03A2822F /* [CP] Copy Pods Resources */ = {
			isa = PBXShellScriptBuildPhase;
			buildActionMask = 2147483647;
			files = (
			);
			inputPaths = (
			);
			name = "[CP] Copy Pods Resources";
			outputPaths = (
			);
			runOnlyForDeploymentPostprocessing = 0;
			shellPath = /bin/sh;
			shellScript = "\"${SRCROOT}/Pods/Target Support Files/Pods-BFIDemoPlayerUITests/Pods-BFIDemoPlayerUITests-resources.sh\"\n";
			showEnvVarsInLog = 0;
		};
/* End PBXShellScriptBuildPhase section */

/* Begin PBXSourcesBuildPhase section */
		605E728A201934430042FDEA /* Sources */ = {
			isa = PBXSourcesBuildPhase;
			buildActionMask = 2147483647;
			files = (
				60F90C35201F6A16004FD2FB /* EpisodeCollectionViewController.swift in Sources */,
				6046984E202003D800B9BB10 /* NetworkError.swift in Sources */,
				60EAB889202006090073F9FF /* UICollectionViewController+Extension.swift in Sources */,
				60F90C3A201F6B69004FD2FB /* Episode.swift in Sources */,
				6079B736201F8571002F42BD /* EntityProtocol.swift in Sources */,
				605E7292201934430042FDEA /* AppDelegate.swift in Sources */,
				602E9088201A015600780C60 /* ServiceManagerProtocol.swift in Sources */,
				602E9086201A011800780C60 /* EpisodeDetailViewController.swift in Sources */,
				602E9084201A00FA00780C60 /* HomeCollectionViewController.swift in Sources */,
				60F90C31201F6948004FD2FB /* JsonParserProtocol.swift in Sources */,
				6079B73A201FAEB1002F42BD /* SessionManager.swift in Sources */,
				6079B738201FAE9F002F42BD /* DatabaseManagerProtocol.swift in Sources */,
				602E908A201A016300780C60 /* ServiceManager.swift in Sources */,
				60F90C2D201F2B02004FD2FB /* Constants.swift in Sources */,
				60F90C2F201F6915004FD2FB /* DataParserProtocol.swift in Sources */,
				60F90C38201F6B41004FD2FB /* DigitalSet.swift in Sources */,
				60F90C33201F69A0004FD2FB /* JsonParser.swift in Sources */,
			);
			runOnlyForDeploymentPostprocessing = 0;
		};
		605E729E201934430042FDEA /* Sources */ = {
			isa = PBXSourcesBuildPhase;
			buildActionMask = 2147483647;
			files = (
				605E72A7201934430042FDEA /* BFIDemoPlayerTests.swift in Sources */,
			);
			runOnlyForDeploymentPostprocessing = 0;
		};
		605E72A9201934430042FDEA /* Sources */ = {
			isa = PBXSourcesBuildPhase;
			buildActionMask = 2147483647;
			files = (
				605E72B2201934430042FDEA /* BFIDemoPlayerUITests.swift in Sources */,
			);
			runOnlyForDeploymentPostprocessing = 0;
		};
/* End PBXSourcesBuildPhase section */

/* Begin PBXTargetDependency section */
		605E72A4201934430042FDEA /* PBXTargetDependency */ = {
			isa = PBXTargetDependency;
			target = 605E728D201934430042FDEA /* BFIDemoPlayer */;
			targetProxy = 605E72A3201934430042FDEA /* PBXContainerItemProxy */;
		};
		605E72AF201934430042FDEA /* PBXTargetDependency */ = {
			isa = PBXTargetDependency;
			target = 605E728D201934430042FDEA /* BFIDemoPlayer */;
			targetProxy = 605E72AE201934430042FDEA /* PBXContainerItemProxy */;
		};
/* End PBXTargetDependency section */

/* Begin PBXVariantGroup section */
		605E7295201934430042FDEA /* Main.storyboard */ = {
			isa = PBXVariantGroup;
			children = (
				605E7296201934430042FDEA /* Base */,
			);
			name = Main.storyboard;
			sourceTree = "<group>";
		};
		605E729A201934430042FDEA /* LaunchScreen.storyboard */ = {
			isa = PBXVariantGroup;
			children = (
				605E729B201934430042FDEA /* Base */,
			);
			name = LaunchScreen.storyboard;
			sourceTree = "<group>";
		};
/* End PBXVariantGroup section */

/* Begin XCBuildConfiguration section */
		605E72B4201934430042FDEA /* Debug */ = {
			isa = XCBuildConfiguration;
			buildSettings = {
				ALWAYS_SEARCH_USER_PATHS = NO;
				CLANG_ANALYZER_NONNULL = YES;
				CLANG_ANALYZER_NUMBER_OBJECT_CONVERSION = YES_AGGRESSIVE;
				CLANG_CXX_LANGUAGE_STANDARD = "gnu++14";
				CLANG_CXX_LIBRARY = "libc++";
				CLANG_ENABLE_MODULES = YES;
				CLANG_ENABLE_OBJC_ARC = YES;
				CLANG_WARN_BLOCK_CAPTURE_AUTORELEASING = YES;
				CLANG_WARN_BOOL_CONVERSION = YES;
				CLANG_WARN_COMMA = YES;
				CLANG_WARN_CONSTANT_CONVERSION = YES;
				CLANG_WARN_DIRECT_OBJC_ISA_USAGE = YES_ERROR;
				CLANG_WARN_DOCUMENTATION_COMMENTS = YES;
				CLANG_WARN_EMPTY_BODY = YES;
				CLANG_WARN_ENUM_CONVERSION = YES;
				CLANG_WARN_INFINITE_RECURSION = YES;
				CLANG_WARN_INT_CONVERSION = YES;
				CLANG_WARN_NON_LITERAL_NULL_CONVERSION = YES;
				CLANG_WARN_OBJC_LITERAL_CONVERSION = YES;
				CLANG_WARN_OBJC_ROOT_CLASS = YES_ERROR;
				CLANG_WARN_RANGE_LOOP_ANALYSIS = YES;
				CLANG_WARN_STRICT_PROTOTYPES = YES;
				CLANG_WARN_SUSPICIOUS_MOVE = YES;
				CLANG_WARN_UNGUARDED_AVAILABILITY = YES_AGGRESSIVE;
				CLANG_WARN_UNREACHABLE_CODE = YES;
				CLANG_WARN__DUPLICATE_METHOD_MATCH = YES;
				CODE_SIGN_IDENTITY = "iPhone Developer";
				COPY_PHASE_STRIP = NO;
				DEBUG_INFORMATION_FORMAT = dwarf;
				ENABLE_STRICT_OBJC_MSGSEND = YES;
				ENABLE_TESTABILITY = YES;
				GCC_C_LANGUAGE_STANDARD = gnu11;
				GCC_DYNAMIC_NO_PIC = NO;
				GCC_NO_COMMON_BLOCKS = YES;
				GCC_OPTIMIZATION_LEVEL = 0;
				GCC_PREPROCESSOR_DEFINITIONS = (
					"DEBUG=1",
					"$(inherited)",
				);
				GCC_WARN_64_TO_32_BIT_CONVERSION = YES;
				GCC_WARN_ABOUT_RETURN_TYPE = YES_ERROR;
				GCC_WARN_UNDECLARED_SELECTOR = YES;
				GCC_WARN_UNINITIALIZED_AUTOS = YES_AGGRESSIVE;
				GCC_WARN_UNUSED_FUNCTION = YES;
				GCC_WARN_UNUSED_VARIABLE = YES;
				IPHONEOS_DEPLOYMENT_TARGET = 11.2;
				MTL_ENABLE_DEBUG_INFO = YES;
				ONLY_ACTIVE_ARCH = YES;
				SDKROOT = iphoneos;
				SWIFT_ACTIVE_COMPILATION_CONDITIONS = DEBUG;
				SWIFT_OPTIMIZATION_LEVEL = "-Onone";
			};
			name = Debug;
		};
		605E72B5201934430042FDEA /* Release */ = {
			isa = XCBuildConfiguration;
			buildSettings = {
				ALWAYS_SEARCH_USER_PATHS = NO;
				CLANG_ANALYZER_NONNULL = YES;
				CLANG_ANALYZER_NUMBER_OBJECT_CONVERSION = YES_AGGRESSIVE;
				CLANG_CXX_LANGUAGE_STANDARD = "gnu++14";
				CLANG_CXX_LIBRARY = "libc++";
				CLANG_ENABLE_MODULES = YES;
				CLANG_ENABLE_OBJC_ARC = YES;
				CLANG_WARN_BLOCK_CAPTURE_AUTORELEASING = YES;
				CLANG_WARN_BOOL_CONVERSION = YES;
				CLANG_WARN_COMMA = YES;
				CLANG_WARN_CONSTANT_CONVERSION = YES;
				CLANG_WARN_DIRECT_OBJC_ISA_USAGE = YES_ERROR;
				CLANG_WARN_DOCUMENTATION_COMMENTS = YES;
				CLANG_WARN_EMPTY_BODY = YES;
				CLANG_WARN_ENUM_CONVERSION = YES;
				CLANG_WARN_INFINITE_RECURSION = YES;
				CLANG_WARN_INT_CONVERSION = YES;
				CLANG_WARN_NON_LITERAL_NULL_CONVERSION = YES;
				CLANG_WARN_OBJC_LITERAL_CONVERSION = YES;
				CLANG_WARN_OBJC_ROOT_CLASS = YES_ERROR;
				CLANG_WARN_RANGE_LOOP_ANALYSIS = YES;
				CLANG_WARN_STRICT_PROTOTYPES = YES;
				CLANG_WARN_SUSPICIOUS_MOVE = YES;
				CLANG_WARN_UNGUARDED_AVAILABILITY = YES_AGGRESSIVE;
				CLANG_WARN_UNREACHABLE_CODE = YES;
				CLANG_WARN__DUPLICATE_METHOD_MATCH = YES;
				CODE_SIGN_IDENTITY = "iPhone Developer";
				COPY_PHASE_STRIP = NO;
				DEBUG_INFORMATION_FORMAT = "dwarf-with-dsym";
				ENABLE_NS_ASSERTIONS = NO;
				ENABLE_STRICT_OBJC_MSGSEND = YES;
				GCC_C_LANGUAGE_STANDARD = gnu11;
				GCC_NO_COMMON_BLOCKS = YES;
				GCC_WARN_64_TO_32_BIT_CONVERSION = YES;
				GCC_WARN_ABOUT_RETURN_TYPE = YES_ERROR;
				GCC_WARN_UNDECLARED_SELECTOR = YES;
				GCC_WARN_UNINITIALIZED_AUTOS = YES_AGGRESSIVE;
				GCC_WARN_UNUSED_FUNCTION = YES;
				GCC_WARN_UNUSED_VARIABLE = YES;
				IPHONEOS_DEPLOYMENT_TARGET = 11.2;
				MTL_ENABLE_DEBUG_INFO = NO;
				SDKROOT = iphoneos;
				SWIFT_OPTIMIZATION_LEVEL = "-Owholemodule";
				VALIDATE_PRODUCT = YES;
			};
			name = Release;
		};
		605E72B7201934430042FDEA /* Debug */ = {
			isa = XCBuildConfiguration;
			baseConfigurationReference = CB9E2EBF7054BC1D73B2F19B /* Pods-BFIDemoPlayer.debug.xcconfig */;
			buildSettings = {
				ASSETCATALOG_COMPILER_APPICON_NAME = AppIcon;
				CODE_SIGN_STYLE = Automatic;
				INFOPLIST_FILE = BFIDemoPlayer/Info.plist;
				LD_RUNPATH_SEARCH_PATHS = "$(inherited) @executable_path/Frameworks";
				PRODUCT_BUNDLE_IDENTIFIER = com.originalmyth.BFIDemoPlayer;
				PRODUCT_NAME = "$(TARGET_NAME)";
				SWIFT_VERSION = 3.0;
				TARGETED_DEVICE_FAMILY = "1,2";
			};
			name = Debug;
		};
		605E72B8201934430042FDEA /* Release */ = {
			isa = XCBuildConfiguration;
			baseConfigurationReference = 458D06E023876DCB2DB895FC /* Pods-BFIDemoPlayer.release.xcconfig */;
			buildSettings = {
				ASSETCATALOG_COMPILER_APPICON_NAME = AppIcon;
				CODE_SIGN_STYLE = Automatic;
				INFOPLIST_FILE = BFIDemoPlayer/Info.plist;
				LD_RUNPATH_SEARCH_PATHS = "$(inherited) @executable_path/Frameworks";
				PRODUCT_BUNDLE_IDENTIFIER = com.originalmyth.BFIDemoPlayer;
				PRODUCT_NAME = "$(TARGET_NAME)";
				SWIFT_VERSION = 3.0;
				TARGETED_DEVICE_FAMILY = "1,2";
			};
			name = Release;
		};
		605E72BA201934430042FDEA /* Debug */ = {
			isa = XCBuildConfiguration;
			baseConfigurationReference = 5D7C7CBE92BC30A6D27AC3B5 /* Pods-BFIDemoPlayerTests.debug.xcconfig */;
			buildSettings = {
				ALWAYS_EMBED_SWIFT_STANDARD_LIBRARIES = YES;
				BUNDLE_LOADER = "$(TEST_HOST)";
				CODE_SIGN_STYLE = Automatic;
				INFOPLIST_FILE = BFIDemoPlayerTests/Info.plist;
				LD_RUNPATH_SEARCH_PATHS = "$(inherited) @executable_path/Frameworks @loader_path/Frameworks";
				PRODUCT_BUNDLE_IDENTIFIER = com.originalmyth.BFIDemoPlayerTests;
				PRODUCT_NAME = "$(TARGET_NAME)";
				SWIFT_VERSION = 4.0;
				TARGETED_DEVICE_FAMILY = "1,2";
				TEST_HOST = "$(BUILT_PRODUCTS_DIR)/BFIDemoPlayer.app/BFIDemoPlayer";
			};
			name = Debug;
		};
		605E72BB201934430042FDEA /* Release */ = {
			isa = XCBuildConfiguration;
			baseConfigurationReference = 887D420A13B65B21E461C39C /* Pods-BFIDemoPlayerTests.release.xcconfig */;
			buildSettings = {
				ALWAYS_EMBED_SWIFT_STANDARD_LIBRARIES = YES;
				BUNDLE_LOADER = "$(TEST_HOST)";
				CODE_SIGN_STYLE = Automatic;
				INFOPLIST_FILE = BFIDemoPlayerTests/Info.plist;
				LD_RUNPATH_SEARCH_PATHS = "$(inherited) @executable_path/Frameworks @loader_path/Frameworks";
				PRODUCT_BUNDLE_IDENTIFIER = com.originalmyth.BFIDemoPlayerTests;
				PRODUCT_NAME = "$(TARGET_NAME)";
				SWIFT_VERSION = 4.0;
				TARGETED_DEVICE_FAMILY = "1,2";
				TEST_HOST = "$(BUILT_PRODUCTS_DIR)/BFIDemoPlayer.app/BFIDemoPlayer";
			};
			name = Release;
		};
		605E72BD201934430042FDEA /* Debug */ = {
			isa = XCBuildConfiguration;
			baseConfigurationReference = F8B7F8BB5009C83D3D2662A8 /* Pods-BFIDemoPlayerUITests.debug.xcconfig */;
			buildSettings = {
				ALWAYS_EMBED_SWIFT_STANDARD_LIBRARIES = YES;
				CODE_SIGN_STYLE = Automatic;
				INFOPLIST_FILE = BFIDemoPlayerUITests/Info.plist;
				LD_RUNPATH_SEARCH_PATHS = "$(inherited) @executable_path/Frameworks @loader_path/Frameworks";
				PRODUCT_BUNDLE_IDENTIFIER = com.originalmyth.BFIDemoPlayerUITests;
				PRODUCT_NAME = "$(TARGET_NAME)";
				SWIFT_VERSION = 4.0;
				TARGETED_DEVICE_FAMILY = "1,2";
				TEST_TARGET_NAME = BFIDemoPlayer;
			};
			name = Debug;
		};
		605E72BE201934430042FDEA /* Release */ = {
			isa = XCBuildConfiguration;
			baseConfigurationReference = 42956F7C00DE0B846CA2F34B /* Pods-BFIDemoPlayerUITests.release.xcconfig */;
			buildSettings = {
				ALWAYS_EMBED_SWIFT_STANDARD_LIBRARIES = YES;
				CODE_SIGN_STYLE = Automatic;
				INFOPLIST_FILE = BFIDemoPlayerUITests/Info.plist;
				LD_RUNPATH_SEARCH_PATHS = "$(inherited) @executable_path/Frameworks @loader_path/Frameworks";
				PRODUCT_BUNDLE_IDENTIFIER = com.originalmyth.BFIDemoPlayerUITests;
				PRODUCT_NAME = "$(TARGET_NAME)";
				SWIFT_VERSION = 4.0;
				TARGETED_DEVICE_FAMILY = "1,2";
				TEST_TARGET_NAME = BFIDemoPlayer;
			};
			name = Release;
		};
/* End XCBuildConfiguration section */

/* Begin XCConfigurationList section */
		605E7289201934430042FDEA /* Build configuration list for PBXProject "BFIDemoPlayer" */ = {
			isa = XCConfigurationList;
			buildConfigurations = (
				605E72B4201934430042FDEA /* Debug */,
				605E72B5201934430042FDEA /* Release */,
			);
			defaultConfigurationIsVisible = 0;
			defaultConfigurationName = Release;
		};
		605E72B6201934430042FDEA /* Build configuration list for PBXNativeTarget "BFIDemoPlayer" */ = {
			isa = XCConfigurationList;
			buildConfigurations = (
				605E72B7201934430042FDEA /* Debug */,
				605E72B8201934430042FDEA /* Release */,
			);
			defaultConfigurationIsVisible = 0;
			defaultConfigurationName = Release;
		};
		605E72B9201934430042FDEA /* Build configuration list for PBXNativeTarget "BFIDemoPlayerTests" */ = {
			isa = XCConfigurationList;
			buildConfigurations = (
				605E72BA201934430042FDEA /* Debug */,
				605E72BB201934430042FDEA /* Release */,
			);
			defaultConfigurationIsVisible = 0;
			defaultConfigurationName = Release;
		};
		605E72BC201934430042FDEA /* Build configuration list for PBXNativeTarget "BFIDemoPlayerUITests" */ = {
			isa = XCConfigurationList;
			buildConfigurations = (
				605E72BD201934430042FDEA /* Debug */,
				605E72BE201934430042FDEA /* Release */,
			);
			defaultConfigurationIsVisible = 0;
			defaultConfigurationName = Release;
		};
/* End XCConfigurationList section */
	};
	rootObject = 605E7286201934430042FDEA /* Project object */;
}
